// !$*UTF8*$!
{
	archiveVersion = 1;
	classes = {
	};
	objectVersion = 50;
	objects = {

/* Begin PBXBuildFile section */
		D862D67725A10D77001F0DDE /* AppDelegate.swift in Sources */ = {isa = PBXBuildFile; fileRef = D862D67625A10D77001F0DDE /* AppDelegate.swift */; };
		D862D67925A10D77001F0DDE /* SceneDelegate.swift in Sources */ = {isa = PBXBuildFile; fileRef = D862D67825A10D77001F0DDE /* SceneDelegate.swift */; };
		D862D67B25A10D77001F0DDE /* ViewController.swift in Sources */ = {isa = PBXBuildFile; fileRef = D862D67A25A10D77001F0DDE /* ViewController.swift */; };
		D862D67E25A10D77001F0DDE /* Main.storyboard in Resources */ = {isa = PBXBuildFile; fileRef = D862D67C25A10D77001F0DDE /* Main.storyboard */; };
		D862D68025A10D79001F0DDE /* Assets.xcassets in Resources */ = {isa = PBXBuildFile; fileRef = D862D67F25A10D79001F0DDE /* Assets.xcassets */; };
		D862D68325A10D79001F0DDE /* LaunchScreen.storyboard in Resources */ = {isa = PBXBuildFile; fileRef = D862D68125A10D79001F0DDE /* LaunchScreen.storyboard */; };
		D862D68E25A10D7A001F0DDE /* F1Tests.swift in Sources */ = {isa = PBXBuildFile; fileRef = D862D68D25A10D7A001F0DDE /* F1Tests.swift */; };
		D862D69925A10D7A001F0DDE /* F1UITests.swift in Sources */ = {isa = PBXBuildFile; fileRef = D862D69825A10D7A001F0DDE /* F1UITests.swift */; };
/* End PBXBuildFile section */

/* Begin PBXContainerItemProxy section */
		D862D68A25A10D7A001F0DDE /* PBXContainerItemProxy */ = {
			isa = PBXContainerItemProxy;
			containerPortal = D862D66B25A10D77001F0DDE /* Project object */;
			proxyType = 1;
			remoteGlobalIDString = D862D67225A10D77001F0DDE;
			remoteInfo = F1;
		};
		D862D69525A10D7A001F0DDE /* PBXContainerItemProxy */ = {
			isa = PBXContainerItemProxy;
			containerPortal = D862D66B25A10D77001F0DDE /* Project object */;
			proxyType = 1;
			remoteGlobalIDString = D862D67225A10D77001F0DDE;
			remoteInfo = F1;
		};
/* End PBXContainerItemProxy section */

/* Begin PBXFileReference section */
		D862D67325A10D77001F0DDE /* F1.app */ = {isa = PBXFileReference; explicitFileType = wrapper.application; includeInIndex = 0; path = F1.app; sourceTree = BUILT_PRODUCTS_DIR; };
		D862D67625A10D77001F0DDE /* AppDelegate.swift */ = {isa = PBXFileReference; lastKnownFileType = sourcecode.swift; path = AppDelegate.swift; sourceTree = "<group>"; };
		D862D67825A10D77001F0DDE /* SceneDelegate.swift */ = {isa = PBXFileReference; lastKnownFileType = sourcecode.swift; path = SceneDelegate.swift; sourceTree = "<group>"; };
		D862D67A25A10D77001F0DDE /* ViewController.swift */ = {isa = PBXFileReference; lastKnownFileType = sourcecode.swift; path = ViewController.swift; sourceTree = "<group>"; };
		D862D67D25A10D77001F0DDE /* Base */ = {isa = PBXFileReference; lastKnownFileType = file.storyboard; name = Base; path = Base.lproj/Main.storyboard; sourceTree = "<group>"; };
		D862D67F25A10D79001F0DDE /* Assets.xcassets */ = {isa = PBXFileReference; lastKnownFileType = folder.assetcatalog; path = Assets.xcassets; sourceTree = "<group>"; };
		D862D68225A10D79001F0DDE /* Base */ = {isa = PBXFileReference; lastKnownFileType = file.storyboard; name = Base; path = Base.lproj/LaunchScreen.storyboard; sourceTree = "<group>"; };
		D862D68425A10D79001F0DDE /* Info.plist */ = {isa = PBXFileReference; lastKnownFileType = text.plist.xml; path = Info.plist; sourceTree = "<group>"; };
		D862D68925A10D79001F0DDE /* F1Tests.xctest */ = {isa = PBXFileReference; explicitFileType = wrapper.cfbundle; includeInIndex = 0; path = F1Tests.xctest; sourceTree = BUILT_PRODUCTS_DIR; };
		D862D68D25A10D7A001F0DDE /* F1Tests.swift */ = {isa = PBXFileReference; lastKnownFileType = sourcecode.swift; path = F1Tests.swift; sourceTree = "<group>"; };
		D862D68F25A10D7A001F0DDE /* Info.plist */ = {isa = PBXFileReference; lastKnownFileType = text.plist.xml; path = Info.plist; sourceTree = "<group>"; };
		D862D69425A10D7A001F0DDE /* F1UITests.xctest */ = {isa = PBXFileReference; explicitFileType = wrapper.cfbundle; includeInIndex = 0; path = F1UITests.xctest; sourceTree = BUILT_PRODUCTS_DIR; };
		D862D69825A10D7A001F0DDE /* F1UITests.swift */ = {isa = PBXFileReference; lastKnownFileType = sourcecode.swift; path = F1UITests.swift; sourceTree = "<group>"; };
		D862D69A25A10D7A001F0DDE /* Info.plist */ = {isa = PBXFileReference; lastKnownFileType = text.plist.xml; path = Info.plist; sourceTree = "<group>"; };
/* End PBXFileReference section */

/* Begin PBXFrameworksBuildPhase section */
		D862D67025A10D77001F0DDE /* Frameworks */ = {
			isa = PBXFrameworksBuildPhase;
			buildActionMask = 2147483647;
			files = (
			);
			runOnlyForDeploymentPostprocessing = 0;
		};
		D862D68625A10D79001F0DDE /* Frameworks */ = {
			isa = PBXFrameworksBuildPhase;
			buildActionMask = 2147483647;
			files = (
			);
			runOnlyForDeploymentPostprocessing = 0;
		};
		D862D69125A10D7A001F0DDE /* Frameworks */ = {
			isa = PBXFrameworksBuildPhase;
			buildActionMask = 2147483647;
			files = (
			);
			runOnlyForDeploymentPostprocessing = 0;
		};
/* End PBXFrameworksBuildPhase section */

/* Begin PBXGroup section */
		D862D66A25A10D77001F0DDE = {
			isa = PBXGroup;
			children = (
				D862D67525A10D77001F0DDE /* F1 */,
				D862D68C25A10D7A001F0DDE /* F1Tests */,
				D862D69725A10D7A001F0DDE /* F1UITests */,
				D862D67425A10D77001F0DDE /* Products */,
			);
			sourceTree = "<group>";
		};
		D862D67425A10D77001F0DDE /* Products */ = {
			isa = PBXGroup;
			children = (
				D862D67325A10D77001F0DDE /* F1.app */,
				D862D68925A10D79001F0DDE /* F1Tests.xctest */,
				D862D69425A10D7A001F0DDE /* F1UITests.xctest */,
			);
			name = Products;
			sourceTree = "<group>";
		};
		D862D67525A10D77001F0DDE /* F1 */ = {
			isa = PBXGroup;
			children = (
				D862D67625A10D77001F0DDE /* AppDelegate.swift */,
				D862D67825A10D77001F0DDE /* SceneDelegate.swift */,
				D862D67A25A10D77001F0DDE /* ViewController.swift */,
				D862D67C25A10D77001F0DDE /* Main.storyboard */,
				D862D67F25A10D79001F0DDE /* Assets.xcassets */,
				D862D68125A10D79001F0DDE /* LaunchScreen.storyboard */,
				D862D68425A10D79001F0DDE /* Info.plist */,
			);
			path = F1;
			sourceTree = "<group>";
		};
		D862D68C25A10D7A001F0DDE /* F1Tests */ = {
			isa = PBXGroup;
			children = (
				D862D68D25A10D7A001F0DDE /* F1Tests.swift */,
				D862D68F25A10D7A001F0DDE /* Info.plist */,
			);
			path = F1Tests;
			sourceTree = "<group>";
		};
		D862D69725A10D7A001F0DDE /* F1UITests */ = {
			isa = PBXGroup;
			children = (
				D862D69825A10D7A001F0DDE /* F1UITests.swift */,
				D862D69A25A10D7A001F0DDE /* Info.plist */,
			);
			path = F1UITests;
			sourceTree = "<group>";
		};
/* End PBXGroup section */

/* Begin PBXNativeTarget section */
		D862D67225A10D77001F0DDE /* F1 */ = {
			isa = PBXNativeTarget;
			buildConfigurationList = D862D69D25A10D7A001F0DDE /* Build configuration list for PBXNativeTarget "F1" */;
			buildPhases = (
				D862D66F25A10D77001F0DDE /* Sources */,
				D862D67025A10D77001F0DDE /* Frameworks */,
				D862D67125A10D77001F0DDE /* Resources */,
			);
			buildRules = (
			);
			dependencies = (
			);
			name = F1;
			productName = F1;
			productReference = D862D67325A10D77001F0DDE /* F1.app */;
			productType = "com.apple.product-type.application";
		};
		D862D68825A10D79001F0DDE /* F1Tests */ = {
			isa = PBXNativeTarget;
			buildConfigurationList = D862D6A025A10D7A001F0DDE /* Build configuration list for PBXNativeTarget "F1Tests" */;
			buildPhases = (
				D862D68525A10D79001F0DDE /* Sources */,
				D862D68625A10D79001F0DDE /* Frameworks */,
				D862D68725A10D79001F0DDE /* Resources */,
			);
			buildRules = (
			);
			dependencies = (
				D862D68B25A10D7A001F0DDE /* PBXTargetDependency */,
			);
			name = F1Tests;
			productName = F1Tests;
			productReference = D862D68925A10D79001F0DDE /* F1Tests.xctest */;
			productType = "com.apple.product-type.bundle.unit-test";
		};
		D862D69325A10D7A001F0DDE /* F1UITests */ = {
			isa = PBXNativeTarget;
			buildConfigurationList = D862D6A325A10D7A001F0DDE /* Build configuration list for PBXNativeTarget "F1UITests" */;
			buildPhases = (
				D862D69025A10D7A001F0DDE /* Sources */,
				D862D69125A10D7A001F0DDE /* Frameworks */,
				D862D69225A10D7A001F0DDE /* Resources */,
			);
			buildRules = (
			);
			dependencies = (
				D862D69625A10D7A001F0DDE /* PBXTargetDependency */,
			);
			name = F1UITests;
			productName = F1UITests;
			productReference = D862D69425A10D7A001F0DDE /* F1UITests.xctest */;
			productType = "com.apple.product-type.bundle.ui-testing";
		};
/* End PBXNativeTarget section */

/* Begin PBXProject section */
		D862D66B25A10D77001F0DDE /* Project object */ = {
			isa = PBXProject;
			attributes = {
				LastSwiftUpdateCheck = 1230;
				LastUpgradeCheck = 1230;
				TargetAttributes = {
					D862D67225A10D77001F0DDE = {
						CreatedOnToolsVersion = 12.3;
					};
					D862D68825A10D79001F0DDE = {
						CreatedOnToolsVersion = 12.3;
						TestTargetID = D862D67225A10D77001F0DDE;
					};
					D862D69325A10D7A001F0DDE = {
						CreatedOnToolsVersion = 12.3;
						TestTargetID = D862D67225A10D77001F0DDE;
					};
				};
			};
			buildConfigurationList = D862D66E25A10D77001F0DDE /* Build configuration list for PBXProject "F1" */;
			compatibilityVersion = "Xcode 9.3";
			developmentRegion = en;
			hasScannedForEncodings = 0;
			knownRegions = (
				en,
				Base,
			);
			mainGroup = D862D66A25A10D77001F0DDE;
			productRefGroup = D862D67425A10D77001F0DDE /* Products */;
			projectDirPath = "";
			projectRoot = "";
			targets = (
				D862D67225A10D77001F0DDE /* F1 */,
				D862D68825A10D79001F0DDE /* F1Tests */,
				D862D69325A10D7A001F0DDE /* F1UITests */,
			);
		};
/* End PBXProject section */

/* Begin PBXResourcesBuildPhase section */
		D862D67125A10D77001F0DDE /* Resources */ = {
			isa = PBXResourcesBuildPhase;
			buildActionMask = 2147483647;
			files = (
				D862D68325A10D79001F0DDE /* LaunchScreen.storyboard in Resources */,
				D862D68025A10D79001F0DDE /* Assets.xcassets in Resources */,
			);
			runOnlyForDeploymentPostprocessing = 0;
		};
		D862D68725A10D79001F0DDE /* Resources */ = {
			isa = PBXResourcesBuildPhase;
			buildActionMask = 2147483647;
			files = (
			);
			runOnlyForDeploymentPostprocessing = 0;
		};
		D862D69225A10D7A001F0DDE /* Resources */ = {
			isa = PBXResourcesBuildPhase;
			buildActionMask = 2147483647;
			files = (
			);
			runOnlyForDeploymentPostprocessing = 0;
		};
/* End PBXResourcesBuildPhase section */

/* Begin PBXSourcesBuildPhase section */
		D862D66F25A10D77001F0DDE /* Sources */ = {
			isa = PBXSourcesBuildPhase;
			buildActionMask = 2147483647;
			files = (
				D862D67B25A10D77001F0DDE /* ViewController.swift in Sources */,
				D862D67725A10D77001F0DDE /* AppDelegate.swift in Sources */,
				D862D67925A10D77001F0DDE /* SceneDelegate.swift in Sources */,
			);
			runOnlyForDeploymentPostprocessing = 0;
		};
		D862D68525A10D79001F0DDE /* Sources */ = {
			isa = PBXSourcesBuildPhase;
			buildActionMask = 2147483647;
			files = (
				D862D68E25A10D7A001F0DDE /* F1Tests.swift in Sources */,
			);
			runOnlyForDeploymentPostprocessing = 0;
		};
		D862D69025A10D7A001F0DDE /* Sources */ = {
			isa = PBXSourcesBuildPhase;
			buildActionMask = 2147483647;
			files = (
				D862D69925A10D7A001F0DDE /* F1UITests.swift in Sources */,
			);
			runOnlyForDeploymentPostprocessing = 0;
		};
/* End PBXSourcesBuildPhase section */

/* Begin PBXTargetDependency section */
		D862D68B25A10D7A001F0DDE /* PBXTargetDependency */ = {
			isa = PBXTargetDependency;
			target = D862D67225A10D77001F0DDE /* F1 */;
			targetProxy = D862D68A25A10D7A001F0DDE /* PBXContainerItemProxy */;
		};
		D862D69625A10D7A001F0DDE /* PBXTargetDependency */ = {
			isa = PBXTargetDependency;
			target = D862D67225A10D77001F0DDE /* F1 */;
			targetProxy = D862D69525A10D7A001F0DDE /* PBXContainerItemProxy */;
		};
/* End PBXTargetDependency section */

/* Begin PBXVariantGroup section */
		D862D68125A10D79001F0DDE /* LaunchScreen.storyboard */ = {
			isa = PBXVariantGroup;
			children = (
				D862D68225A10D79001F0DDE /* Base */,
			);
			name = LaunchScreen.storyboard;
			sourceTree = "<group>";
		};
/* End PBXVariantGroup section */

/* Begin XCBuildConfiguration section */
		D862D69B25A10D7A001F0DDE /* Debug */ = {
			isa = XCBuildConfiguration;
			buildSettings = {
				ALWAYS_SEARCH_USER_PATHS = NO;
				CLANG_ANALYZER_NONNULL = YES;
				CLANG_ANALYZER_NUMBER_OBJECT_CONVERSION = YES_AGGRESSIVE;
				CLANG_CXX_LANGUAGE_STANDARD = "gnu++14";
				CLANG_CXX_LIBRARY = "libc++";
				CLANG_ENABLE_MODULES = YES;
				CLANG_ENABLE_OBJC_ARC = YES;
				CLANG_ENABLE_OBJC_WEAK = YES;
				CLANG_WARN_BLOCK_CAPTURE_AUTORELEASING = YES;
				CLANG_WARN_BOOL_CONVERSION = YES;
				CLANG_WARN_COMMA = YES;
				CLANG_WARN_CONSTANT_CONVERSION = YES;
				CLANG_WARN_DEPRECATED_OBJC_IMPLEMENTATIONS = YES;
				CLANG_WARN_DIRECT_OBJC_ISA_USAGE = YES_ERROR;
				CLANG_WARN_DOCUMENTATION_COMMENTS = YES;
				CLANG_WARN_EMPTY_BODY = YES;
				CLANG_WARN_ENUM_CONVERSION = YES;
				CLANG_WARN_INFINITE_RECURSION = YES;
				CLANG_WARN_INT_CONVERSION = YES;
				CLANG_WARN_NON_LITERAL_NULL_CONVERSION = YES;
				CLANG_WARN_OBJC_IMPLICIT_RETAIN_SELF = YES;
				CLANG_WARN_OBJC_LITERAL_CONVERSION = YES;
				CLANG_WARN_OBJC_ROOT_CLASS = YES_ERROR;
				CLANG_WARN_QUOTED_INCLUDE_IN_FRAMEWORK_HEADER = YES;
				CLANG_WARN_RANGE_LOOP_ANALYSIS = YES;
				CLANG_WARN_STRICT_PROTOTYPES = YES;
				CLANG_WARN_SUSPICIOUS_MOVE = YES;
				CLANG_WARN_UNGUARDED_AVAILABILITY = YES_AGGRESSIVE;
				CLANG_WARN_UNREACHABLE_CODE = YES;
				CLANG_WARN__DUPLICATE_METHOD_MATCH = YES;
				COPY_PHASE_STRIP = NO;
				DEBUG_INFORMATION_FORMAT = dwarf;
				ENABLE_STRICT_OBJC_MSGSEND = YES;
				ENABLE_TESTABILITY = YES;
				GCC_C_LANGUAGE_STANDARD = gnu11;
				GCC_DYNAMIC_NO_PIC = NO;
				GCC_NO_COMMON_BLOCKS = YES;
				GCC_OPTIMIZATION_LEVEL = 0;
				GCC_PREPROCESSOR_DEFINITIONS = (
					"DEBUG=1",
					"$(inherited)",
				);
				GCC_WARN_64_TO_32_BIT_CONVERSION = YES;
				GCC_WARN_ABOUT_RETURN_TYPE = YES_ERROR;
				GCC_WARN_UNDECLARED_SELECTOR = YES;
				GCC_WARN_UNINITIALIZED_AUTOS = YES_AGGRESSIVE;
				GCC_WARN_UNUSED_FUNCTION = YES;
				GCC_WARN_UNUSED_VARIABLE = YES;
				IPHONEOS_DEPLOYMENT_TARGET = 14.3;
				MTL_ENABLE_DEBUG_INFO = INCLUDE_SOURCE;
				MTL_FAST_MATH = YES;
				ONLY_ACTIVE_ARCH = YES;
				SDKROOT = iphoneos;
				SWIFT_ACTIVE_COMPILATION_CONDITIONS = DEBUG;
				SWIFT_OPTIMIZATION_LEVEL = "-Onone";
			};
			name = Debug;
		};
		D862D69C25A10D7A001F0DDE /* Release */ = {
			isa = XCBuildConfiguration;
			buildSettings = {
				ALWAYS_SEARCH_USER_PATHS = NO;
				CLANG_ANALYZER_NONNULL = YES;
				CLANG_ANALYZER_NUMBER_OBJECT_CONVERSION = YES_AGGRESSIVE;
				CLANG_CXX_LANGUAGE_STANDARD = "gnu++14";
				CLANG_CXX_LIBRARY = "libc++";
				CLANG_ENABLE_MODULES = YES;
				CLANG_ENABLE_OBJC_ARC = YES;
				CLANG_ENABLE_OBJC_WEAK = YES;
				CLANG_WARN_BLOCK_CAPTURE_AUTORELEASING = YES;
				CLANG_WARN_BOOL_CONVERSION = YES;
				CLANG_WARN_COMMA = YES;
				CLANG_WARN_CONSTANT_CONVERSION = YES;
				CLANG_WARN_DEPRECATED_OBJC_IMPLEMENTATIONS = YES;
				CLANG_WARN_DIRECT_OBJC_ISA_USAGE = YES_ERROR;
				CLANG_WARN_DOCUMENTATION_COMMENTS = YES;
				CLANG_WARN_EMPTY_BODY = YES;
				CLANG_WARN_ENUM_CONVERSION = YES;
				CLANG_WARN_INFINITE_RECURSION = YES;
				CLANG_WARN_INT_CONVERSION = YES;
				CLANG_WARN_NON_LITERAL_NULL_CONVERSION = YES;
				CLANG_WARN_OBJC_IMPLICIT_RETAIN_SELF = YES;
				CLANG_WARN_OBJC_LITERAL_CONVERSION = YES;
				CLANG_WARN_OBJC_ROOT_CLASS = YES_ERROR;
				CLANG_WARN_QUOTED_INCLUDE_IN_FRAMEWORK_HEADER = YES;
				CLANG_WARN_RANGE_LOOP_ANALYSIS = YES;
				CLANG_WARN_STRICT_PROTOTYPES = YES;
				CLANG_WARN_SUSPICIOUS_MOVE = YES;
				CLANG_WARN_UNGUARDED_AVAILABILITY = YES_AGGRESSIVE;
				CLANG_WARN_UNREACHABLE_CODE = YES;
				CLANG_WARN__DUPLICATE_METHOD_MATCH = YES;
				COPY_PHASE_STRIP = NO;
				DEBUG_INFORMATION_FORMAT = "dwarf-with-dsym";
				ENABLE_NS_ASSERTIONS = NO;
				ENABLE_STRICT_OBJC_MSGSEND = YES;
				GCC_C_LANGUAGE_STANDARD = gnu11;
				GCC_NO_COMMON_BLOCKS = YES;
				GCC_WARN_64_TO_32_BIT_CONVERSION = YES;
				GCC_WARN_ABOUT_RETURN_TYPE = YES_ERROR;
				GCC_WARN_UNDECLARED_SELECTOR = YES;
				GCC_WARN_UNINITIALIZED_AUTOS = YES_AGGRESSIVE;
				GCC_WARN_UNUSED_FUNCTION = YES;
				GCC_WARN_UNUSED_VARIABLE = YES;
				IPHONEOS_DEPLOYMENT_TARGET = 14.3;
				MTL_ENABLE_DEBUG_INFO = NO;
				MTL_FAST_MATH = YES;
				SDKROOT = iphoneos;
				SWIFT_COMPILATION_MODE = wholemodule;
				SWIFT_OPTIMIZATION_LEVEL = "-O";
				VALIDATE_PRODUCT = YES;
			};
			name = Release;
		};
		D862D69E25A10D7A001F0DDE /* Debug */ = {
			isa = XCBuildConfiguration;
			buildSettings = {
				ASSETCATALOG_COMPILER_APPICON_NAME = AppIcon;
				ASSETCATALOG_COMPILER_GLOBAL_ACCENT_COLOR_NAME = AccentColor;
				CODE_SIGN_STYLE = Automatic;
				DEVELOPMENT_TEAM = TX3RG9QDZ9;
				INFOPLIST_FILE = F1/Info.plist;
				LD_RUNPATH_SEARCH_PATHS = (
					"$(inherited)",
					"@executable_path/Frameworks",
				);
				PRODUCT_BUNDLE_IDENTIFIER = thiagoAlves.F1;
				PRODUCT_NAME = "$(TARGET_NAME)";
				SWIFT_VERSION = 5.0;
				TARGETED_DEVICE_FAMILY = "1,2";
			};
			name = Debug;
		};
		D862D69F25A10D7A001F0DDE /* Release */ = {
			isa = XCBuildConfiguration;
			buildSettings = {
				ASSETCATALOG_COMPILER_APPICON_NAME = AppIcon;
				ASSETCATALOG_COMPILER_GLOBAL_ACCENT_COLOR_NAME = AccentColor;
				CODE_SIGN_STYLE = Automatic;
				DEVELOPMENT_TEAM = TX3RG9QDZ9;
				INFOPLIST_FILE = F1/Info.plist;
				LD_RUNPATH_SEARCH_PATHS = (
					"$(inherited)",
					"@executable_path/Frameworks",
				);
				PRODUCT_BUNDLE_IDENTIFIER = thiagoAlves.F1;
				PRODUCT_NAME = "$(TARGET_NAME)";
				SWIFT_VERSION = 5.0;
				TARGETED_DEVICE_FAMILY = "1,2";
			};
			name = Release;
		};
		D862D6A125A10D7A001F0DDE /* Debug */ = {
			isa = XCBuildConfiguration;
			buildSettings = {
				ALWAYS_EMBED_SWIFT_STANDARD_LIBRARIES = YES;
				BUNDLE_LOADER = "$(TEST_HOST)";
				CODE_SIGN_STYLE = Automatic;
				DEVELOPMENT_TEAM = TX3RG9QDZ9;
				INFOPLIST_FILE = F1Tests/Info.plist;
				IPHONEOS_DEPLOYMENT_TARGET = 14.3;
				LD_RUNPATH_SEARCH_PATHS = (
					"$(inherited)",
					"@executable_path/Frameworks",
					"@loader_path/Frameworks",
				);
				PRODUCT_BUNDLE_IDENTIFIER = thiagoAlves.F1Tests;
				PRODUCT_NAME = "$(TARGET_NAME)";
				SWIFT_VERSION = 5.0;
				TARGETED_DEVICE_FAMILY = "1,2";
				TEST_HOST = "$(BUILT_PRODUCTS_DIR)/F1.app/F1";
			};
			name = Debug;
		};
		D862D6A225A10D7A001F0DDE /* Release */ = {
			isa = XCBuildConfiguration;
			buildSettings = {
				ALWAYS_EMBED_SWIFT_STANDARD_LIBRARIES = YES;
				BUNDLE_LOADER = "$(TEST_HOST)";
				CODE_SIGN_STYLE = Automatic;
				DEVELOPMENT_TEAM = TX3RG9QDZ9;
				INFOPLIST_FILE = F1Tests/Info.plist;
				IPHONEOS_DEPLOYMENT_TARGET = 14.3;
				LD_RUNPATH_SEARCH_PATHS = (
					"$(inherited)",
					"@executable_path/Frameworks",
					"@loader_path/Frameworks",
				);
				PRODUCT_BUNDLE_IDENTIFIER = thiagoAlves.F1Tests;
				PRODUCT_NAME = "$(TARGET_NAME)";
				SWIFT_VERSION = 5.0;
				TARGETED_DEVICE_FAMILY = "1,2";
				TEST_HOST = "$(BUILT_PRODUCTS_DIR)/F1.app/F1";
			};
			name = Release;
		};
		D862D6A425A10D7A001F0DDE /* Debug */ = {
			isa = XCBuildConfiguration;
			buildSettings = {
				ALWAYS_EMBED_SWIFT_STANDARD_LIBRARIES = YES;
				CODE_SIGN_STYLE = Automatic;
				DEVELOPMENT_TEAM = TX3RG9QDZ9;
				INFOPLIST_FILE = F1UITests/Info.plist;
				LD_RUNPATH_SEARCH_PATHS = (
					"$(inherited)",
					"@executable_path/Frameworks",
					"@loader_path/Frameworks",
				);
				PRODUCT_BUNDLE_IDENTIFIER = thiagoAlves.F1UITests;
				PRODUCT_NAME = "$(TARGET_NAME)";
				SWIFT_VERSION = 5.0;
				TARGETED_DEVICE_FAMILY = "1,2";
				TEST_TARGET_NAME = F1;
			};
			name = Debug;
		};
		D862D6A525A10D7A001F0DDE /* Release */ = {
			isa = XCBuildConfiguration;
			buildSettings = {
				ALWAYS_EMBED_SWIFT_STANDARD_LIBRARIES = YES;
				CODE_SIGN_STYLE = Automatic;
				DEVELOPMENT_TEAM = TX3RG9QDZ9;
				INFOPLIST_FILE = F1UITests/Info.plist;
				LD_RUNPATH_SEARCH_PATHS = (
					"$(inherited)",
					"@executable_path/Frameworks",
					"@loader_path/Frameworks",
				);
				PRODUCT_BUNDLE_IDENTIFIER = thiagoAlves.F1UITests;
				PRODUCT_NAME = "$(TARGET_NAME)";
				SWIFT_VERSION = 5.0;
				TARGETED_DEVICE_FAMILY = "1,2";
				TEST_TARGET_NAME = F1;
			};
			name = Release;
		};
/* End XCBuildConfiguration section */

/* Begin XCConfigurationList section */
		D862D66E25A10D77001F0DDE /* Build configuration list for PBXProject "F1" */ = {
			isa = XCConfigurationList;
			buildConfigurations = (
				D862D69B25A10D7A001F0DDE /* Debug */,
				D862D69C25A10D7A001F0DDE /* Release */,
			);
			defaultConfigurationIsVisible = 0;
			defaultConfigurationName = Release;
		};
		D862D69D25A10D7A001F0DDE /* Build configuration list for PBXNativeTarget "F1" */ = {
			isa = XCConfigurationList;
			buildConfigurations = (
				D862D69E25A10D7A001F0DDE /* Debug */,
				D862D69F25A10D7A001F0DDE /* Release */,
			);
			defaultConfigurationIsVisible = 0;
			defaultConfigurationName = Release;
		};
		D862D6A025A10D7A001F0DDE /* Build configuration list for PBXNativeTarget "F1Tests" */ = {
			isa = XCConfigurationList;
			buildConfigurations = (
				D862D6A125A10D7A001F0DDE /* Debug */,
				D862D6A225A10D7A001F0DDE /* Release */,
			);
			defaultConfigurationIsVisible = 0;
			defaultConfigurationName = Release;
		};
		D862D6A325A10D7A001F0DDE /* Build configuration list for PBXNativeTarget "F1UITests" */ = {
			isa = XCConfigurationList;
			buildConfigurations = (
				D862D6A425A10D7A001F0DDE /* Debug */,
				D862D6A525A10D7A001F0DDE /* Release */,
			);
			defaultConfigurationIsVisible = 0;
			defaultConfigurationName = Release;
		};
/* End XCConfigurationList section */
	};
	rootObject = D862D66B25A10D77001F0DDE /* Project object */;
}
